
Microsoft Visual Studio Solution File, Format Version 12.00
# Visual Studio Version 16
VisualStudioVersion = 16.0.29920.165
MinimumVisualStudioVersion = 10.0.40219.1
Project("{9A19103F-16F7-4668-BE54-9A1E7A4F7556}") = "DailyPortfolioTotal", "DailyPortfolioTotal\DailyPortfolioTotal.csproj", "{B51DCCAA-ECA4-4862-BC12-A006603BAD32}"
EndProject
Project("{FAE04EC0-301F-11D3-BF4B-00C04F79EFBC}") = "DailyPortfolioTotalTests", "DailyPortfolioTotalTests\DailyPortfolioTotalTests.csproj", "{590ABEF9-7525-4858-92C4-A82B71EE2C8D}"
EndProject
Global
	GlobalSection(SolutionConfigurationPlatforms) = preSolution
		Debug|Any CPU = Debug|Any CPU
		Debug|x64 = Debug|x64
		Debug|x86 = Debug|x86
		Release|Any CPU = Release|Any CPU
		Release|x64 = Release|x64
		Release|x86 = Release|x86
	EndGlobalSection
	GlobalSection(ProjectConfigurationPlatforms) = postSolution
		{B51DCCAA-ECA4-4862-BC12-A006603BAD32}.Debug|Any CPU.ActiveCfg = Debug|Any CPU
		{B51DCCAA-ECA4-4862-BC12-A006603BAD32}.Debug|Any CPU.Build.0 = Debug|Any CPU
		{B51DCCAA-ECA4-4862-BC12-A006603BAD32}.Debug|x64.ActiveCfg = Debug|Any CPU
		{B51DCCAA-ECA4-4862-BC12-A006603BAD32}.Debug|x64.Build.0 = Debug|Any CPU
		{B51DCCAA-ECA4-4862-BC12-A006603BAD32}.Debug|x86.ActiveCfg = Debug|Any CPU
		{B51DCCAA-ECA4-4862-BC12-A006603BAD32}.Debug|x86.Build.0 = Debug|Any CPU
		{B51DCCAA-ECA4-4862-BC12-A006603BAD32}.Release|Any CPU.ActiveCfg = Release|Any CPU
		{B51DCCAA-ECA4-4862-BC12-A006603BAD32}.Release|Any CPU.Build.0 = Release|Any CPU
		{B51DCCAA-ECA4-4862-BC12-A006603BAD32}.Release|x64.ActiveCfg = Release|Any CPU
		{B51DCCAA-ECA4-4862-BC12-A006603BAD32}.Release|x64.Build.0 = Release|Any CPU
		{B51DCCAA-ECA4-4862-BC12-A006603BAD32}.Release|x86.ActiveCfg = Release|Any CPU
		{B51DCCAA-ECA4-4862-BC12-A006603BAD32}.Release|x86.Build.0 = Release|Any CPU
		{590ABEF9-7525-4858-92C4-A82B71EE2C8D}.Debug|Any CPU.ActiveCfg = Debug|Any CPU
		{590ABEF9-7525-4858-92C4-A82B71EE2C8D}.Debug|Any CPU.Build.0 = Debug|Any CPU
		{590ABEF9-7525-4858-92C4-A82B71EE2C8D}.Debug|x64.ActiveCfg = Debug|Any CPU
		{590ABEF9-7525-4858-92C4-A82B71EE2C8D}.Debug|x64.Build.0 = Debug|Any CPU
		{590ABEF9-7525-4858-92C4-A82B71EE2C8D}.Debug|x86.ActiveCfg = Debug|Any CPU
		{590ABEF9-7525-4858-92C4-A82B71EE2C8D}.Debug|x86.Build.0 = Debug|Any CPU
		{590ABEF9-7525-4858-92C4-A82B71EE2C8D}.Release|Any CPU.ActiveCfg = Release|Any CPU
		{590ABEF9-7525-4858-92C4-A82B71EE2C8D}.Release|Any CPU.Build.0 = Release|Any CPU
		{590ABEF9-7525-4858-92C4-A82B71EE2C8D}.Release|x64.ActiveCfg = Release|Any CPU
		{590ABEF9-7525-4858-92C4-A82B71EE2C8D}.Release|x64.Build.0 = Release|Any CPU
		{590ABEF9-7525-4858-92C4-A82B71EE2C8D}.Release|x86.ActiveCfg = Release|Any CPU
		{590ABEF9-7525-4858-92C4-A82B71EE2C8D}.Release|x86.Build.0 = Release|Any CPU
	EndGlobalSection
	GlobalSection(SolutionProperties) = preSolution
		HideSolutionNode = FALSE
	EndGlobalSection
	GlobalSection(ExtensibilityGlobals) = postSolution
		SolutionGuid = {E26CCDFD-056F-48E7-A3F8-6FF1009ECB63}
	EndGlobalSection
EndGlobal
